
Microsoft Visual Studio Solution File, Format Version 12.00
# Visual Studio Version 16
VisualStudioVersion = 16.0.29411.108
MinimumVisualStudioVersion = 10.0.40219.1
Project("{2150E333-8FDC-42A3-9474-1A3956D46DE8}") = "src", "src", "{2F5A7EAD-5333-41C6-84BC-BB3046A5DA9D}"
EndProject
Project("{FAE04EC0-301F-11D3-BF4B-00C04F79EFBC}") = "NLock.Core", "src\NLock.Core\NLock.Core.csproj", "{F904452F-9D26-45BD-9711-C6713F0160C2}"
EndProject
Project("{FAE04EC0-301F-11D3-BF4B-00C04F79EFBC}") = "NLock.Zookeeper", "src\NLock.Zookeeper\NLock.Zookeeper.csproj", "{D33C3701-8032-48B1-A09E-ACAFD33EFBA2}"
EndProject
Global
	GlobalSection(SolutionConfigurationPlatforms) = preSolution
		Debug|Any CPU = Debug|Any CPU
		Release|Any CPU = Release|Any CPU
	EndGlobalSection
	GlobalSection(ProjectConfigurationPlatforms) = postSolution
		{F904452F-9D26-45BD-9711-C6713F0160C2}.Debug|Any CPU.ActiveCfg = Debug|Any CPU
		{F904452F-9D26-45BD-9711-C6713F0160C2}.Debug|Any CPU.Build.0 = Debug|Any CPU
		{F904452F-9D26-45BD-9711-C6713F0160C2}.Release|Any CPU.ActiveCfg = Release|Any CPU
		{F904452F-9D26-45BD-9711-C6713F0160C2}.Release|Any CPU.Build.0 = Release|Any CPU
		{D33C3701-8032-48B1-A09E-ACAFD33EFBA2}.Debug|Any CPU.ActiveCfg = Debug|Any CPU
		{D33C3701-8032-48B1-A09E-ACAFD33EFBA2}.Debug|Any CPU.Build.0 = Debug|Any CPU
		{D33C3701-8032-48B1-A09E-ACAFD33EFBA2}.Release|Any CPU.ActiveCfg = Release|Any CPU
		{D33C3701-8032-48B1-A09E-ACAFD33EFBA2}.Release|Any CPU.Build.0 = Release|Any CPU
	EndGlobalSection
	GlobalSection(SolutionProperties) = preSolution
		HideSolutionNode = FALSE
	EndGlobalSection
	GlobalSection(NestedProjects) = preSolution
		{F904452F-9D26-45BD-9711-C6713F0160C2} = {2F5A7EAD-5333-41C6-84BC-BB3046A5DA9D}
		{D33C3701-8032-48B1-A09E-ACAFD33EFBA2} = {2F5A7EAD-5333-41C6-84BC-BB3046A5DA9D}
	EndGlobalSection
	GlobalSection(ExtensibilityGlobals) = postSolution
		SolutionGuid = {5A921365-8F1A-49A3-9F35-A38AC11364C1}
	EndGlobalSection
EndGlobal
